
Microsoft Visual Studio Solution File, Format Version 12.00
Project("{FAE04EC0-301F-11D3-BF4B-00C04F79EFBC}") = "AccountService", "AccountService\AccountService.csproj", "{60C1A616-F854-4201-BF06-C35E1ACD0D46}"
EndProject
Project("{FAE04EC0-301F-11D3-BF4B-00C04F79EFBC}") = "AccountService.Repository", "AccountService.Repository\AccountService.Repository.csproj", "{A36CA588-B1B1-4883-90BD-6DDD1E258C29}"
EndProject
Project("{FAE04EC0-301F-11D3-BF4B-00C04F79EFBC}") = "AccountService.Domain", "AccountService.Domain\AccountService.Domain.csproj", "{2A00AFB8-CA1F-4FF7-BB5F-DB812E51DAFE}"
EndProject
Global
	GlobalSection(SolutionConfigurationPlatforms) = preSolution
		Debug|Any CPU = Debug|Any CPU
		Release|Any CPU = Release|Any CPU
	EndGlobalSection
	GlobalSection(ProjectConfigurationPlatforms) = postSolution
		{60C1A616-F854-4201-BF06-C35E1ACD0D46}.Debug|Any CPU.ActiveCfg = Debug|Any CPU
		{60C1A616-F854-4201-BF06-C35E1ACD0D46}.Debug|Any CPU.Build.0 = Debug|Any CPU
		{60C1A616-F854-4201-BF06-C35E1ACD0D46}.Release|Any CPU.ActiveCfg = Release|Any CPU
		{60C1A616-F854-4201-BF06-C35E1ACD0D46}.Release|Any CPU.Build.0 = Release|Any CPU
		{A36CA588-B1B1-4883-90BD-6DDD1E258C29}.Debug|Any CPU.ActiveCfg = Debug|Any CPU
		{A36CA588-B1B1-4883-90BD-6DDD1E258C29}.Debug|Any CPU.Build.0 = Debug|Any CPU
		{A36CA588-B1B1-4883-90BD-6DDD1E258C29}.Release|Any CPU.ActiveCfg = Release|Any CPU
		{A36CA588-B1B1-4883-90BD-6DDD1E258C29}.Release|Any CPU.Build.0 = Release|Any CPU
		{2A00AFB8-CA1F-4FF7-BB5F-DB812E51DAFE}.Debug|Any CPU.ActiveCfg = Debug|Any CPU
		{2A00AFB8-CA1F-4FF7-BB5F-DB812E51DAFE}.Debug|Any CPU.Build.0 = Debug|Any CPU
		{2A00AFB8-CA1F-4FF7-BB5F-DB812E51DAFE}.Release|Any CPU.ActiveCfg = Release|Any CPU
		{2A00AFB8-CA1F-4FF7-BB5F-DB812E51DAFE}.Release|Any CPU.Build.0 = Release|Any CPU
	EndGlobalSection
EndGlobal
